
Microsoft Visual Studio Solution File, Format Version 12.00
# Visual Studio 15
VisualStudioVersion = 15.0.28307.779
MinimumVisualStudioVersion = 10.0.40219.1
Project("{FAE04EC0-301F-11D3-BF4B-00C04F79EFBC}") = "Lab4B", "Lab4B\Lab4B.csproj", "{CC09CACD-BEAC-4F65-99AA-CFFE9A4255F6}"
EndProject
Global
	GlobalSection(SolutionConfigurationPlatforms) = preSolution
		Debug|Any CPU = Debug|Any CPU
		Release|Any CPU = Release|Any CPU
	EndGlobalSection
	GlobalSection(ProjectConfigurationPlatforms) = postSolution
		{CC09CACD-BEAC-4F65-99AA-CFFE9A4255F6}.Debug|Any CPU.ActiveCfg = Debug|Any CPU
		{CC09CACD-BEAC-4F65-99AA-CFFE9A4255F6}.Debug|Any CPU.Build.0 = Debug|Any CPU
		{CC09CACD-BEAC-4F65-99AA-CFFE9A4255F6}.Release|Any CPU.ActiveCfg = Release|Any CPU
		{CC09CACD-BEAC-4F65-99AA-CFFE9A4255F6}.Release|Any CPU.Build.0 = Release|Any CPU
	EndGlobalSection
	GlobalSection(SolutionProperties) = preSolution
		HideSolutionNode = FALSE
	EndGlobalSection
	GlobalSection(ExtensibilityGlobals) = postSolution
		SolutionGuid = {2CB03D5D-508F-4FDA-B1E9-F8306215DDDD}
	EndGlobalSection
EndGlobal
