
Microsoft Visual Studio Solution File, Format Version 12.00
# Visual Studio 15
VisualStudioVersion = 15.0.28307.902
MinimumVisualStudioVersion = 10.0.40219.1
Project("{FAE04EC0-301F-11D3-BF4B-00C04F79EFBC}") = "8B", "8B\8B.csproj", "{6B7A5588-2C5C-428D-8189-C1019203E146}"
EndProject
Global
	GlobalSection(SolutionConfigurationPlatforms) = preSolution
		Debug|Any CPU = Debug|Any CPU
		Release|Any CPU = Release|Any CPU
	EndGlobalSection
	GlobalSection(ProjectConfigurationPlatforms) = postSolution
		{6B7A5588-2C5C-428D-8189-C1019203E146}.Debug|Any CPU.ActiveCfg = Debug|Any CPU
		{6B7A5588-2C5C-428D-8189-C1019203E146}.Debug|Any CPU.Build.0 = Debug|Any CPU
		{6B7A5588-2C5C-428D-8189-C1019203E146}.Release|Any CPU.ActiveCfg = Release|Any CPU
		{6B7A5588-2C5C-428D-8189-C1019203E146}.Release|Any CPU.Build.0 = Release|Any CPU
	EndGlobalSection
	GlobalSection(SolutionProperties) = preSolution
		HideSolutionNode = FALSE
	EndGlobalSection
	GlobalSection(ExtensibilityGlobals) = postSolution
		SolutionGuid = {18C19348-3524-4F2E-961D-D4103F213BD9}
	EndGlobalSection
EndGlobal
