
Microsoft Visual Studio Solution File, Format Version 12.00
# Visual Studio 15
VisualStudioVersion = 15.0.28307.852
MinimumVisualStudioVersion = 10.0.40219.1
Project("{FAE04EC0-301F-11D3-BF4B-00C04F79EFBC}") = "laba_2B", "laba_2B\laba_2B.csproj", "{D47CBCDF-0301-436B-811C-4CE6A0B73616}"
EndProject
Global
	GlobalSection(SolutionConfigurationPlatforms) = preSolution
		Debug|Any CPU = Debug|Any CPU
		Release|Any CPU = Release|Any CPU
	EndGlobalSection
	GlobalSection(ProjectConfigurationPlatforms) = postSolution
		{D47CBCDF-0301-436B-811C-4CE6A0B73616}.Debug|Any CPU.ActiveCfg = Debug|Any CPU
		{D47CBCDF-0301-436B-811C-4CE6A0B73616}.Debug|Any CPU.Build.0 = Debug|Any CPU
		{D47CBCDF-0301-436B-811C-4CE6A0B73616}.Release|Any CPU.ActiveCfg = Release|Any CPU
		{D47CBCDF-0301-436B-811C-4CE6A0B73616}.Release|Any CPU.Build.0 = Release|Any CPU
	EndGlobalSection
	GlobalSection(SolutionProperties) = preSolution
		HideSolutionNode = FALSE
	EndGlobalSection
	GlobalSection(ExtensibilityGlobals) = postSolution
		SolutionGuid = {EAE1F2CF-4F1B-4A2B-8A89-9D42F2A67E47}
	EndGlobalSection
EndGlobal
